
Microsoft Visual Studio Solution File, Format Version 12.00
# Visual Studio Version 17
VisualStudioVersion = 17.8.34330.188
MinimumVisualStudioVersion = 10.0.40219.1
Project("{FAE04EC0-301F-11D3-BF4B-00C04F79EFBC}") = "ObjectOriented", "ObjectOriented\ObjectOriented.csproj", "{302D670E-B3C0-434B-A9AF-36BBE6A7FBF4}"
EndProject
Global
	GlobalSection(SolutionConfigurationPlatforms) = preSolution
		Debug|Any CPU = Debug|Any CPU
		Release|Any CPU = Release|Any CPU
	EndGlobalSection
	GlobalSection(ProjectConfigurationPlatforms) = postSolution
		{302D670E-B3C0-434B-A9AF-36BBE6A7FBF4}.Debug|Any CPU.ActiveCfg = Debug|Any CPU
		{302D670E-B3C0-434B-A9AF-36BBE6A7FBF4}.Debug|Any CPU.Build.0 = Debug|Any CPU
		{302D670E-B3C0-434B-A9AF-36BBE6A7FBF4}.Release|Any CPU.ActiveCfg = Release|Any CPU
		{302D670E-B3C0-434B-A9AF-36BBE6A7FBF4}.Release|Any CPU.Build.0 = Release|Any CPU
	EndGlobalSection
	GlobalSection(SolutionProperties) = preSolution
		HideSolutionNode = FALSE
	EndGlobalSection
	GlobalSection(ExtensibilityGlobals) = postSolution
		SolutionGuid = {4F0E0F6C-EBD3-41B6-A020-CDAC97A5480E}
	EndGlobalSection
EndGlobal
